
Microsoft Visual Studio Solution File, Format Version 12.00
# Visual Studio Version 17
VisualStudioVersion = 17.11.35431.28
MinimumVisualStudioVersion = 10.0.40219.1
Project("{FAE04EC0-301F-11D3-BF4B-00C04F79EFBC}") = "InventoryManagementAPI", "InventoryManagementAPI.csproj", "{4944468E-D674-43ED-A678-A031F287C32A}"
EndProject
Global
	GlobalSection(SolutionConfigurationPlatforms) = preSolution
		Debug|Any CPU = Debug|Any CPU
		Release|Any CPU = Release|Any CPU
	EndGlobalSection
	GlobalSection(ProjectConfigurationPlatforms) = postSolution
		{4944468E-D674-43ED-A678-A031F287C32A}.Debug|Any CPU.ActiveCfg = Debug|Any CPU
		{4944468E-D674-43ED-A678-A031F287C32A}.Debug|Any CPU.Build.0 = Debug|Any CPU
		{4944468E-D674-43ED-A678-A031F287C32A}.Release|Any CPU.ActiveCfg = Release|Any CPU
		{4944468E-D674-43ED-A678-A031F287C32A}.Release|Any CPU.Build.0 = Release|Any CPU
	EndGlobalSection
	GlobalSection(SolutionProperties) = preSolution
		HideSolutionNode = FALSE
	EndGlobalSection
	GlobalSection(ExtensibilityGlobals) = postSolution
		SolutionGuid = {EDC0A12E-E959-46C8-A3BE-E8169D68CABE}
	EndGlobalSection
EndGlobal
